<?xml version="1.0" encoding="utf-8"?>
<Project ToolsVersion="4.0" xmlns="http://schemas.microsoft.com/developer/msbuild/2003">
  <ItemGroup>
    <ClCompile Include="$(MSBuildThisFileDirectory)cswScene.cpp">
      <Filter>Scene</Filter>
    </ClCompile>
    <ClCompile Include="$(MSBuildThisFileDirectory)cswSceneManager.cpp">
      <Filter>Scene</Filter>
    </ClCompile>
    <ClCompile Include="$(MSBuildThisFileDirectory)cswGameObject.cpp">
      <Filter>GameObject</Filter>
    </ClCompile>
    <ClCompile Include="$(MSBuildThisFileDirectory)cswEntity.cpp">
      <Filter>Common</Filter>
    </ClCompile>
    <ClCompile Include="$(MSBuildThisFileDirectory)cswMath.cpp">
      <Filter>Common</Filter>
    </ClCompile>
    <ClCompile Include="$(MSBuildThisFileDirectory)cswTime.cpp">
      <Filter>Helpers</Filter>
    </ClCompile>
    <ClCompile Include="$(MSBuildThisFileDirectory)cswInput.cpp">
      <Filter>Helpers</Filter>
    </ClCompile>
    <ClCompile Include="$(MSBuildThisFileDirectory)cswLayer.cpp">
      <Filter>Layer</Filter>
    </ClCompile>
    <ClCompile Include="$(MSBuildThisFileDirectory)cswResource.cpp">
      <Filter>Resource</Filter>
    </ClCompile>
    <ClCompile Include="$(MSBuildThisFileDirectory)cswResources.cpp">
      <Filter>Resource</Filter>
    </ClCompile>
    <ClCompile Include="$(MSBuildThisFileDirectory)cswTexture.cpp">
      <Filter>Resource\Texture</Filter>
    </ClCompile>
    <ClCompile Include="$(MSBuildThisFileDirectory)cswScript.cpp">
      <Filter>Component\Script</Filter>
    </ClCompile>
    <ClCompile Include="$(MSBuildThisFileDirectory)cswTransform.cpp">
      <Filter>Component\Transform</Filter>
    </ClCompile>
    <ClCompile Include="$(MSBuildThisFileDirectory)cswSpriteRenderer.cpp">
      <Filter>Component\SpriteRenderer</Filter>
    </ClCompile>
    <ClCompile Include="$(MSBuildThisFileDirectory)cswComponent.cpp">
      <Filter>Component</Filter>
    </ClCompile>
    <ClCompile Include="$(MSBuildThisFileDirectory)cswCamera.cpp">
      <Filter>Component\Camera</Filter>
    </ClCompile>
    <ClCompile Include="$(MSBuildThisFileDirectory)cswRenderer.cpp">
      <Filter>Renderer</Filter>
    </ClCompile>
    <ClCompile Include="$(MSBuildThisFileDirectory)cswAnimator.cpp" />
    <ClCompile Include="$(MSBuildThisFileDirectory)cswAnimation.cpp">
      <Filter>Resource</Filter>
    </ClCompile>
    <ClCompile Include="$(MSBuildThisFileDirectory)cswCollider.cpp">
      <Filter>Component\Collider</Filter>
    </ClCompile>
    <ClCompile Include="$(MSBuildThisFileDirectory)cswBoxCollider2D.cpp">
      <Filter>Component\Collider</Filter>
    </ClCompile>
    <ClCompile Include="$(MSBuildThisFileDirectory)cswCircleCollider2D.cpp">
      <Filter>Component\Collider</Filter>
    </ClCompile>
    <ClCompile Include="$(MSBuildThisFileDirectory)cswCollisionManager.cpp" />
    <ClCompile Include="$(MSBuildThisFileDirectory)cswApplication.cpp">
      <Filter>High Level Interface</Filter>
    </ClCompile>
    <ClCompile Include="$(MSBuildThisFileDirectory)cswDontDestroyOnLoad.cpp" />
    <ClCompile Include="$(MSBuildThisFileDirectory)cswTileMapRenderer.cpp">
      <Filter>Component\TileMapRenderer</Filter>
    </ClCompile>
  </ItemGroup>
  <ItemGroup>
    <ClInclude Include="$(MSBuildThisFileDirectory)cswScene.h">
      <Filter>Scene</Filter>
    </ClInclude>
    <ClInclude Include="$(MSBuildThisFileDirectory)cswSceneManager.h">
      <Filter>Scene</Filter>
    </ClInclude>
    <ClInclude Include="$(MSBuildThisFileDirectory)cswGameObject.h">
      <Filter>GameObject</Filter>
    </ClInclude>
    <ClInclude Include="$(MSBuildThisFileDirectory)CommonInclude.h">
      <Filter>Common</Filter>
    </ClInclude>
    <ClInclude Include="$(MSBuildThisFileDirectory)cswEntity.h">
      <Filter>Common</Filter>
    </ClInclude>
    <ClInclude Include="$(MSBuildThisFileDirectory)cswMath.h">
      <Filter>Common</Filter>
    </ClInclude>
    <ClInclude Include="$(MSBuildThisFileDirectory)cswTime.h">
      <Filter>Helpers</Filter>
    </ClInclude>
    <ClInclude Include="$(MSBuildThisFileDirectory)cswInput.h">
      <Filter>Helpers</Filter>
    </ClInclude>
    <ClInclude Include="$(MSBuildThisFileDirectory)cswLayer.h">
      <Filter>Layer</Filter>
    </ClInclude>
    <ClInclude Include="$(MSBuildThisFileDirectory)cswEnums.h">
      <Filter>Common</Filter>
    </ClInclude>
    <ClInclude Include="$(MSBuildThisFileDirectory)cswObject.h">
      <Filter>Common</Filter>
    </ClInclude>
    <ClInclude Include="$(MSBuildThisFileDirectory)cswResource.h">
      <Filter>Resource</Filter>
    </ClInclude>
    <ClInclude Include="$(MSBuildThisFileDirectory)cswResources.h">
      <Filter>Resource</Filter>
    </ClInclude>
    <ClInclude Include="$(MSBuildThisFileDirectory)cswTexture.h">
      <Filter>Resource\Texture</Filter>
    </ClInclude>
    <ClInclude Include="$(MSBuildThisFileDirectory)cswScript.h">
      <Filter>Component\Script</Filter>
    </ClInclude>
    <ClInclude Include="$(MSBuildThisFileDirectory)cswTransform.h">
      <Filter>Component\Transform</Filter>
    </ClInclude>
    <ClInclude Include="$(MSBuildThisFileDirectory)cswSpriteRenderer.h">
      <Filter>Component\SpriteRenderer</Filter>
    </ClInclude>
    <ClInclude Include="$(MSBuildThisFileDirectory)cswComponent.h">
      <Filter>Component</Filter>
    </ClInclude>
    <ClInclude Include="$(MSBuildThisFileDirectory)cswCamera.h">
      <Filter>Component\Camera</Filter>
    </ClInclude>
    <ClInclude Include="$(MSBuildThisFileDirectory)cswRenderer.h">
      <Filter>Renderer</Filter>
    </ClInclude>
    <ClInclude Include="$(MSBuildThisFileDirectory)cswAnimator.h" />
    <ClInclude Include="$(MSBuildThisFileDirectory)cswAnimation.h">
      <Filter>Resource</Filter>
    </ClInclude>
    <ClInclude Include="$(MSBuildThisFileDirectory)cswCollider.h">
      <Filter>Component\Collider</Filter>
    </ClInclude>
    <ClInclude Include="$(MSBuildThisFileDirectory)cswBoxCollider2D.h">
      <Filter>Component\Collider</Filter>
    </ClInclude>
    <ClInclude Include="$(MSBuildThisFileDirectory)cswCircleCollider2D.h">
      <Filter>Component\Collider</Filter>
    </ClInclude>
    <ClInclude Include="$(MSBuildThisFileDirectory)cswCollisionManager.h" />
    <ClInclude Include="$(MSBuildThisFileDirectory)cswApplication.h">
      <Filter>High Level Interface</Filter>
    </ClInclude>
    <ClInclude Include="$(MSBuildThisFileDirectory)cswDontDestroyOnLoad.h" />
    <ClInclude Include="$(MSBuildThisFileDirectory)cswTileMapRenderer.h">
      <Filter>Component\TileMapRenderer</Filter>
    </ClInclude>
  </ItemGroup>
  <ItemGroup>
    <Filter Include="Scene">
      <UniqueIdentifier>{12fb17be-05ce-47f5-a51f-f1f31eded991}</UniqueIdentifier>
    </Filter>
    <Filter Include="GameObject">
      <UniqueIdentifier>{5d43978f-d8c2-4e9c-b736-02b564eceb48}</UniqueIdentifier>
    </Filter>
    <Filter Include="Helpers">
      <UniqueIdentifier>{be23c01a-aabe-41b2-8024-57a8c91be6db}</UniqueIdentifier>
    </Filter>
    <Filter Include="High Level Interface">
      <UniqueIdentifier>{78e7d1ae-2709-404a-865f-a7f3a66ddd63}</UniqueIdentifier>
    </Filter>
    <Filter Include="Common">
      <UniqueIdentifier>{2725f55e-9355-46b9-ac1a-557b0452221a}</UniqueIdentifier>
    </Filter>
    <Filter Include="Component">
      <UniqueIdentifier>{f3bdef27-f5a6-4c7e-84c5-d7d9144b1a55}</UniqueIdentifier>
    </Filter>
    <Filter Include="Layer">
      <UniqueIdentifier>{59a03a7b-5573-4cfa-b110-63ed9c105d57}</UniqueIdentifier>
    </Filter>
    <Filter Include="Resource">
      <UniqueIdentifier>{e12b0d87-bfd1-4c5f-a6ef-99d4c9e0b024}</UniqueIdentifier>
    </Filter>
    <Filter Include="Resource\Texture">
      <UniqueIdentifier>{e6f241a8-db78-459a-ba32-68574bb643a6}</UniqueIdentifier>
    </Filter>
    <Filter Include="Component\Script">
      <UniqueIdentifier>{c46295a5-de6a-4bc2-ac77-73c0ffeb7067}</UniqueIdentifier>
    </Filter>
    <Filter Include="Component\Transform">
      <UniqueIdentifier>{77ddf198-0fda-43d2-a9d5-882fc706205f}</UniqueIdentifier>
    </Filter>
    <Filter Include="Component\SpriteRenderer">
      <UniqueIdentifier>{4eb04b32-49bf-4d40-a1a1-c1c864eddfb1}</UniqueIdentifier>
    </Filter>
    <Filter Include="Component\Component">
      <UniqueIdentifier>{f8266ddd-3dc1-4536-a4e7-f4dc577f8d5c}</UniqueIdentifier>
    </Filter>
    <Filter Include="Component\Camera">
      <UniqueIdentifier>{f7c31afd-e62b-4675-ba97-1bda434f015c}</UniqueIdentifier>
    </Filter>
    <Filter Include="Renderer">
      <UniqueIdentifier>{a509599a-efba-4cf3-b74a-4586d8fbd277}</UniqueIdentifier>
    </Filter>
    <Filter Include="Component\Collider">
      <UniqueIdentifier>{b5097944-2495-450f-9ba6-cfe6311233aa}</UniqueIdentifier>
    </Filter>
    <Filter Include="Component\TileMapRenderer">
      <UniqueIdentifier>{fa8633e4-2cea-4544-a651-6b09ae11f8f3}</UniqueIdentifier>
    </Filter>
  </ItemGroup>
</Project>