<?xml version="1.0" encoding="utf-8"?>
<Project ToolsVersion="4.0" xmlns="http://schemas.microsoft.com/developer/msbuild/2003">
  <ItemGroup>
    <Filter Include="Scenes">
      <UniqueIdentifier>{c3315fed-6d5f-42ec-b9ae-727d4bceab0c}</UniqueIdentifier>
    </Filter>
  </ItemGroup>
  <ItemGroup>
    <ClInclude Include="cswLoadScenes.h">
      <Filter>Scenes</Filter>
    </ClInclude>
    <ClInclude Include="cswPlayScene.h" />
  </ItemGroup>
  <ItemGroup>
    <ClCompile Include="cswPlayScene.cpp" />
  </ItemGroup>
</Project>