<?xml version="1.0" encoding="utf-8"?>
<Project ToolsVersion="4.0" xmlns="http://schemas.microsoft.com/developer/msbuild/2003">
  <ItemGroup>
    <Filter Include="Scenes">
      <UniqueIdentifier>{c3315fed-6d5f-42ec-b9ae-727d4bceab0c}</UniqueIdentifier>
    </Filter>
    <Filter Include="Contents">
      <UniqueIdentifier>{c03ff855-e4ce-4110-8715-051ec5321760}</UniqueIdentifier>
    </Filter>
    <Filter Include="Scripts">
      <UniqueIdentifier>{7b2fe8d5-2e7a-45ec-b498-d5994b9d1a69}</UniqueIdentifier>
    </Filter>
  </ItemGroup>
  <ItemGroup>
    <ClInclude Include="cswLoadScenes.h">
      <Filter>Scenes</Filter>
    </ClInclude>
    <ClInclude Include="cswPlayScene.h">
      <Filter>Scenes</Filter>
    </ClInclude>
    <ClInclude Include="cswPlayer.h">
      <Filter>Contents</Filter>
    </ClInclude>
    <ClInclude Include="cswTitleScene.h">
      <Filter>Scenes</Filter>
    </ClInclude>
    <ClInclude Include="cswLoadResources.h" />
    <ClInclude Include="cswPlayerScript.h">
      <Filter>Scripts</Filter>
    </ClInclude>
    <ClInclude Include="cswCat.h">
      <Filter>Contents</Filter>
    </ClInclude>
    <ClInclude Include="cswCatScript.h">
      <Filter>Scripts</Filter>
    </ClInclude>
    <ClInclude Include="cswToolScene.h">
      <Filter>Scenes</Filter>
    </ClInclude>
    <ClInclude Include="cswTile.h">
      <Filter>Contents</Filter>
    </ClInclude>
  </ItemGroup>
  <ItemGroup>
    <ClCompile Include="cswPlayScene.cpp">
      <Filter>Scenes</Filter>
    </ClCompile>
    <ClCompile Include="cswPlayer.cpp">
      <Filter>Contents</Filter>
    </ClCompile>
    <ClCompile Include="cswTitleScene.cpp">
      <Filter>Scenes</Filter>
    </ClCompile>
    <ClCompile Include="cswPlayerScript.cpp">
      <Filter>Scripts</Filter>
    </ClCompile>
    <ClCompile Include="cswCat.cpp">
      <Filter>Contents</Filter>
    </ClCompile>
    <ClCompile Include="cswCatScript.cpp">
      <Filter>Scripts</Filter>
    </ClCompile>
    <ClCompile Include="cswToolScene.cpp">
      <Filter>Scenes</Filter>
    </ClCompile>
    <ClCompile Include="cswTile.cpp">
      <Filter>Contents</Filter>
    </ClCompile>
  </ItemGroup>
</Project>